{
  "name": "example",
  "version": "1.0.0",
  "lockfileVersion": 2,
  "requires": true,
  "packages": {
    "": {
      "name": "example",
      "version": "1.0.0",
      "license": "ISC",
      "dependencies": {
        "sdk": "file: ../src/index"
      }
    },
    " ..": {},
    " ../src": {},
    " ../src/index": {},
    " ../src/index.js": {
      "extraneous": true
    },
    "js": {
      "extraneous": true
    },
    "node_modules/sdk": {
      "resolved": " ../src/index",
      "link": true
    }
  },
  "dependencies": {
    "sdk": {
      "version": "file: ../src/index"
    }
  }
}
